
Microsoft Visual Studio Solution File, Format Version 12.00
# Visual Studio Version 17
VisualStudioVersion = 17.8.34330.188
MinimumVisualStudioVersion = 10.0.40219.1
Project("{9A19103F-16F7-4668-BE54-9A1E7A4F7556}") = "AWS", "..\Libraries\AWS\AWS.csproj", "{032183DC-2E86-4F88-9691-AECFD251458D}"
EndProject
Project("{9A19103F-16F7-4668-BE54-9A1E7A4F7556}") = "Azure", "..\Libraries\Azure\Azure.csproj", "{43AE4122-6528-4873-A8FA-40F719063B8E}"
EndProject
Project("{9A19103F-16F7-4668-BE54-9A1E7A4F7556}") = "Google", "..\Libraries\Google\Google.csproj", "{17E99EC3-F31F-4110-A620-E3659BAAD326}"
EndProject
Project("{9A19103F-16F7-4668-BE54-9A1E7A4F7556}") = "OneCore", "OneCore.csproj", "{04CB5F8E-45EF-4F8D-86B2-A6A973B13262}"
EndProject
Project("{9A19103F-16F7-4668-BE54-9A1E7A4F7556}") = "AWS.Test", "..\Tests\AWS.Test\AWS.Test.csproj", "{7A0764FC-CDE6-4655-AC43-60D62B6DD7A6}"
EndProject
Project("{9A19103F-16F7-4668-BE54-9A1E7A4F7556}") = "Azure.Test", "..\Tests\Azure.Test\Azure.Test.csproj", "{1D3210E0-335F-4908-A4D5-2AE9443CA1AF}"
EndProject
Project("{FAE04EC0-301F-11D3-BF4B-00C04F79EFBC}") = "Google.Test", "..\Tests\Google.Test\Google.Test.csproj", "{5CEF9324-1743-473A-983B-ACFF36F22301}"
EndProject
Global
	GlobalSection(SolutionConfigurationPlatforms) = preSolution
		Debug|Any CPU = Debug|Any CPU
		Release|Any CPU = Release|Any CPU
	EndGlobalSection
	GlobalSection(ProjectConfigurationPlatforms) = postSolution
		{032183DC-2E86-4F88-9691-AECFD251458D}.Debug|Any CPU.ActiveCfg = Debug|Any CPU
		{032183DC-2E86-4F88-9691-AECFD251458D}.Debug|Any CPU.Build.0 = Debug|Any CPU
		{032183DC-2E86-4F88-9691-AECFD251458D}.Release|Any CPU.ActiveCfg = Release|Any CPU
		{032183DC-2E86-4F88-9691-AECFD251458D}.Release|Any CPU.Build.0 = Release|Any CPU
		{43AE4122-6528-4873-A8FA-40F719063B8E}.Debug|Any CPU.ActiveCfg = Debug|Any CPU
		{43AE4122-6528-4873-A8FA-40F719063B8E}.Debug|Any CPU.Build.0 = Debug|Any CPU
		{43AE4122-6528-4873-A8FA-40F719063B8E}.Release|Any CPU.ActiveCfg = Release|Any CPU
		{43AE4122-6528-4873-A8FA-40F719063B8E}.Release|Any CPU.Build.0 = Release|Any CPU
		{17E99EC3-F31F-4110-A620-E3659BAAD326}.Debug|Any CPU.ActiveCfg = Debug|Any CPU
		{17E99EC3-F31F-4110-A620-E3659BAAD326}.Debug|Any CPU.Build.0 = Debug|Any CPU
		{17E99EC3-F31F-4110-A620-E3659BAAD326}.Release|Any CPU.ActiveCfg = Release|Any CPU
		{17E99EC3-F31F-4110-A620-E3659BAAD326}.Release|Any CPU.Build.0 = Release|Any CPU
		{04CB5F8E-45EF-4F8D-86B2-A6A973B13262}.Debug|Any CPU.ActiveCfg = Debug|Any CPU
		{04CB5F8E-45EF-4F8D-86B2-A6A973B13262}.Debug|Any CPU.Build.0 = Debug|Any CPU
		{04CB5F8E-45EF-4F8D-86B2-A6A973B13262}.Release|Any CPU.ActiveCfg = Release|Any CPU
		{04CB5F8E-45EF-4F8D-86B2-A6A973B13262}.Release|Any CPU.Build.0 = Release|Any CPU
		{7A0764FC-CDE6-4655-AC43-60D62B6DD7A6}.Debug|Any CPU.ActiveCfg = Debug|Any CPU
		{7A0764FC-CDE6-4655-AC43-60D62B6DD7A6}.Debug|Any CPU.Build.0 = Debug|Any CPU
		{7A0764FC-CDE6-4655-AC43-60D62B6DD7A6}.Release|Any CPU.ActiveCfg = Release|Any CPU
		{7A0764FC-CDE6-4655-AC43-60D62B6DD7A6}.Release|Any CPU.Build.0 = Release|Any CPU
		{1D3210E0-335F-4908-A4D5-2AE9443CA1AF}.Debug|Any CPU.ActiveCfg = Debug|Any CPU
		{1D3210E0-335F-4908-A4D5-2AE9443CA1AF}.Debug|Any CPU.Build.0 = Debug|Any CPU
		{1D3210E0-335F-4908-A4D5-2AE9443CA1AF}.Release|Any CPU.ActiveCfg = Release|Any CPU
		{1D3210E0-335F-4908-A4D5-2AE9443CA1AF}.Release|Any CPU.Build.0 = Release|Any CPU
		{5CEF9324-1743-473A-983B-ACFF36F22301}.Debug|Any CPU.ActiveCfg = Debug|Any CPU
		{5CEF9324-1743-473A-983B-ACFF36F22301}.Debug|Any CPU.Build.0 = Debug|Any CPU
		{5CEF9324-1743-473A-983B-ACFF36F22301}.Release|Any CPU.ActiveCfg = Release|Any CPU
		{5CEF9324-1743-473A-983B-ACFF36F22301}.Release|Any CPU.Build.0 = Release|Any CPU
	EndGlobalSection
	GlobalSection(SolutionProperties) = preSolution
		HideSolutionNode = FALSE
	EndGlobalSection
	GlobalSection(ExtensibilityGlobals) = postSolution
		SolutionGuid = {E3D70803-7E5B-4677-825C-FC02F0C0D8A7}
	EndGlobalSection
EndGlobal
